
Microsoft Visual Studio Solution File, Format Version 12.00
# Visual Studio Version 17
VisualStudioVersion = 17.5.33424.131
MinimumVisualStudioVersion = 10.0.40219.1
Project("{FAE04EC0-301F-11D3-BF4B-00C04F79EFBC}") = "Beams.logic", "Beams.logic\Beams.logic.csproj", "{E48694D4-780C-4BA7-AE62-8020DBB16B60}"
EndProject
Project("{FAE04EC0-301F-11D3-BF4B-00C04F79EFBC}") = "Beams.UI.Console", "Beams.UI.Console\Beams.UI.Console.csproj", "{F72CA39D-3A30-4AB5-B318-892A9D5B84F7}"
EndProject
Global
	GlobalSection(SolutionConfigurationPlatforms) = preSolution
		Debug|Any CPU = Debug|Any CPU
		Release|Any CPU = Release|Any CPU
	EndGlobalSection
	GlobalSection(ProjectConfigurationPlatforms) = postSolution
		{E48694D4-780C-4BA7-AE62-8020DBB16B60}.Debug|Any CPU.ActiveCfg = Debug|Any CPU
		{E48694D4-780C-4BA7-AE62-8020DBB16B60}.Debug|Any CPU.Build.0 = Debug|Any CPU
		{E48694D4-780C-4BA7-AE62-8020DBB16B60}.Release|Any CPU.ActiveCfg = Release|Any CPU
		{E48694D4-780C-4BA7-AE62-8020DBB16B60}.Release|Any CPU.Build.0 = Release|Any CPU
		{F72CA39D-3A30-4AB5-B318-892A9D5B84F7}.Debug|Any CPU.ActiveCfg = Debug|Any CPU
		{F72CA39D-3A30-4AB5-B318-892A9D5B84F7}.Debug|Any CPU.Build.0 = Debug|Any CPU
		{F72CA39D-3A30-4AB5-B318-892A9D5B84F7}.Release|Any CPU.ActiveCfg = Release|Any CPU
		{F72CA39D-3A30-4AB5-B318-892A9D5B84F7}.Release|Any CPU.Build.0 = Release|Any CPU
	EndGlobalSection
	GlobalSection(SolutionProperties) = preSolution
		HideSolutionNode = FALSE
	EndGlobalSection
	GlobalSection(ExtensibilityGlobals) = postSolution
		SolutionGuid = {B5EEB444-444F-49CE-814D-9A73F1B4B82F}
	EndGlobalSection
EndGlobal
